{
  "version": 4,
  "terraform_version": "1.7.4",
  "serial": 5,
  "lineage": "184954aa-e95f-e217-4e1b-2c2951c5def9",
  "outputs": {},
  "resources": [
    {
      "mode": "managed",
      "type": "aws_vpc",
      "name": "vi_pr_cl",
      "provider": "provider[\"registry.terraform.io/hashicorp/aws\"]",
      "instances": [
        {
          "schema_version": 1,
          "attributes": {
            "arn": "arn:aws:ec2:us-east-1:992382424140:vpc/vpc-0c8b3a5c7a2364755",
            "assign_generated_ipv6_cidr_block": false,
            "cidr_block": "10.0.0.0/16",
            "default_network_acl_id": "acl-00ad3fd75f301465b",
            "default_route_table_id": "rtb-00e42c5c70d0ace3f",
            "default_security_group_id": "sg-0a1385e5ffc9485f2",
            "dhcp_options_id": "dopt-004a4d6f93963c9c3",
            "enable_dns_hostnames": false,
            "enable_dns_support": true,
            "enable_network_address_usage_metrics": false,
            "id": "vpc-0c8b3a5c7a2364755",
            "instance_tenancy": "default",
            "ipv4_ipam_pool_id": null,
            "ipv4_netmask_length": null,
            "ipv6_association_id": "",
            "ipv6_cidr_block": "",
            "ipv6_cidr_block_network_border_group": "",
            "ipv6_ipam_pool_id": "",
            "ipv6_netmask_length": 0,
            "main_route_table_id": "rtb-00e42c5c70d0ace3f",
            "owner_id": "992382424140",
            "tags": {
              "Name": "VPC1"
            },
            "tags_all": {
              "Name": "VPC1"
            }
          },
          "sensitive_attributes": [],
          "private": "eyJzY2hlbWFfdmVyc2lvbiI6IjEifQ=="
        }
      ]
    }
  ],
  "check_results": null
}
